
Microsoft Visual Studio Solution File, Format Version 12.00
# Visual Studio Version 17
VisualStudioVersion = 17.5.33414.496
MinimumVisualStudioVersion = 10.0.40219.1
Project("{FAE04EC0-301F-11D3-BF4B-00C04F79EFBC}") = "Lab16_WebAPI", "Lab16_WebAPI\Lab16_WebAPI.csproj", "{54611389-191E-462C-9D42-26F231CA0481}"
EndProject
Global
	GlobalSection(SolutionConfigurationPlatforms) = preSolution
		Debug|Any CPU = Debug|Any CPU
		Release|Any CPU = Release|Any CPU
	EndGlobalSection
	GlobalSection(ProjectConfigurationPlatforms) = postSolution
		{54611389-191E-462C-9D42-26F231CA0481}.Debug|Any CPU.ActiveCfg = Debug|Any CPU
		{54611389-191E-462C-9D42-26F231CA0481}.Debug|Any CPU.Build.0 = Debug|Any CPU
		{54611389-191E-462C-9D42-26F231CA0481}.Release|Any CPU.ActiveCfg = Release|Any CPU
		{54611389-191E-462C-9D42-26F231CA0481}.Release|Any CPU.Build.0 = Release|Any CPU
	EndGlobalSection
	GlobalSection(SolutionProperties) = preSolution
		HideSolutionNode = FALSE
	EndGlobalSection
	GlobalSection(ExtensibilityGlobals) = postSolution
		SolutionGuid = {F1BC7761-164C-4504-BB28-FB5116F1F741}
	EndGlobalSection
EndGlobal
